
Microsoft Visual Studio Solution File, Format Version 12.00
# Visual Studio 15
VisualStudioVersion = 15.0.28307.1209
MinimumVisualStudioVersion = 10.0.40219.1
Project("{8BC9CEB8-8B4A-11D0-8D11-00A0C91BC942}") = "ClientOfClassFactoryDllServerWithRegFile", "ClientOfClassFactoryDllServerWithRegFile\ClientOfClassFactoryDllServerWithRegFile.vcxproj", "{223F054E-52CE-4823-AE8E-20E393179F4F}"
EndProject
Global
	GlobalSection(SolutionConfigurationPlatforms) = preSolution
		Debug|x64 = Debug|x64
		Debug|x86 = Debug|x86
		Release|x64 = Release|x64
		Release|x86 = Release|x86
	EndGlobalSection
	GlobalSection(ProjectConfigurationPlatforms) = postSolution
		{223F054E-52CE-4823-AE8E-20E393179F4F}.Debug|x64.ActiveCfg = Debug|x64
		{223F054E-52CE-4823-AE8E-20E393179F4F}.Debug|x64.Build.0 = Debug|x64
		{223F054E-52CE-4823-AE8E-20E393179F4F}.Debug|x86.ActiveCfg = Debug|Win32
		{223F054E-52CE-4823-AE8E-20E393179F4F}.Debug|x86.Build.0 = Debug|Win32
		{223F054E-52CE-4823-AE8E-20E393179F4F}.Release|x64.ActiveCfg = Release|x64
		{223F054E-52CE-4823-AE8E-20E393179F4F}.Release|x64.Build.0 = Release|x64
		{223F054E-52CE-4823-AE8E-20E393179F4F}.Release|x86.ActiveCfg = Release|Win32
		{223F054E-52CE-4823-AE8E-20E393179F4F}.Release|x86.Build.0 = Release|Win32
	EndGlobalSection
	GlobalSection(SolutionProperties) = preSolution
		HideSolutionNode = FALSE
	EndGlobalSection
	GlobalSection(ExtensibilityGlobals) = postSolution
		SolutionGuid = {4AD770DC-36AE-4776-8BB6-464D3B602C1A}
	EndGlobalSection
EndGlobal
